{
  "name": "xrm-common",
  "version": "1.0.0",
  "lockfileVersion": 1,
  "requires": true,
  "dependencies": {
    "@types/xrm": {
      "version": "9.0.0",
      "resolved": "https://registry.npmjs.org/@types/xrm/-/xrm-9.0.0.tgz",
      "integrity": "sha512-U0uoR/QlphX8QVKgWe8QGZUQa68OIoMQvGvr+Xet6MIZlvkwkrN3FW3iOziVPngkSpNrcEoJAm+bEX8oOWGWmA==",
      "dev": true
    },
    "xrm-mock": {
      "version": "2.0.9",
      "resolved": "https://registry.npmjs.org/xrm-mock/-/xrm-mock-2.0.9.tgz",
      "integrity": "sha1-P8+OzaVjsMVqqDDxtPoyEy9fEIc=",
      "dev": true,
      "requires": {
        "@types/xrm": "8.2.9"
      },
      "dependencies": {
        "@types/xrm": {
          "version": "8.2.9",
          "resolved": "https://registry.npmjs.org/@types/xrm/-/xrm-8.2.9.tgz",
          "integrity": "sha512-3cI8268iMtg0IlwYcpRThnNlhY86TIpWNk6rLsysw60sOKFWxycBvw3aIwz+ERPxVyiZ3xu6/8pnkEfsg8bltQ==",
          "dev": true
        }
      }
    }
  }
}
